{
  "version": 4,
  "terraform_version": "1.6.6",
  "serial": 8,
  "lineage": "c3e0babd-187d-0bb5-f7bc-8e209c6b9b94",
  "outputs": {
    "random_id": {
      "value": "1Ezyidw",
      "type": "string"
    },
    "random_integer": {
      "value": {
        "id": "327",
        "keepers": null,
        "max": 499,
        "min": 2,
        "result": 327,
        "seed": null
      },
      "type": [
        "object",
        {
          "id": "string",
          "keepers": [
            "map",
            "string"
          ],
          "max": "number",
          "min": "number",
          "result": "number",
          "seed": "string"
        }
      ]
    }
  },
  "resources": [
    {
      "mode": "managed",
      "type": "local_file",
      "name": "test",
      "provider": "provider[\"registry.terraform.io/hashicorp/local\"]",
      "instances": [
        {
          "schema_version": 0,
          "attributes": {
            "content": "2",
            "content_base64": null,
            "content_base64sha256": "1HNeOiZeFu7gP1lxi5tdAwGcB9i2xR+Q2jpmbuwTqzU=",
            "content_base64sha512": "QLJEESZB3XjdT5O2yRkN1G4AmRlNWkQle3761u+f9Gg9oe2gJERIyzQ6poj10+/XMU2v5YCsC8vxFa7Kno3BFA==",
            "content_md5": "c81e728d9d4c2f636f067f89cc14862c",
            "content_sha1": "da4b9237bacccdf19c0760cab7aec4a8359010b0",
            "content_sha256": "d4735e3a265e16eee03f59718b9b5d03019c07d8b6c51f90da3a666eec13ab35",
            "content_sha512": "40b244112641dd78dd4f93b6c9190dd46e0099194d5a44257b7efad6ef9ff4683da1eda0244448cb343aa688f5d3efd7314dafe580ac0bcbf115aeca9e8dc114",
            "directory_permission": "0777",
            "file_permission": "0777",
            "filename": "./karan.txt",
            "id": "da4b9237bacccdf19c0760cab7aec4a8359010b0",
            "sensitive_content": null,
            "source": null
          },
          "sensitive_attributes": []
        }
      ]
    },
    {
      "mode": "managed",
      "type": "random_id",
      "name": "server",
      "provider": "provider[\"registry.terraform.io/hashicorp/random\"]",
      "instances": [
        {
          "schema_version": 0,
          "attributes": {
            "b64_std": "1Ezyidw=",
            "b64_url": "1Ezyidw",
            "byte_length": 5,
            "dec": "911824030172",
            "hex": "d44cf289dc",
            "id": "1Ezyidw",
            "keepers": {
              "ami_id": "abc"
            },
            "prefix": null
          },
          "sensitive_attributes": []
        }
      ]
    },
    {
      "mode": "managed",
      "type": "random_integer",
      "name": "int_1",
      "provider": "provider[\"registry.terraform.io/hashicorp/random\"]",
      "instances": [
        {
          "schema_version": 0,
          "attributes": {
            "id": "327",
            "keepers": null,
            "max": 499,
            "min": 2,
            "result": 327,
            "seed": null
          },
          "sensitive_attributes": []
        }
      ]
    }
  ],
  "check_results": null
}
