{
  "version": 4,
  "terraform_version": "1.6.6",
  "serial": 8,
  "lineage": "b2e95487-2be1-e5b6-8a29-506eaffe5fe1",
  "outputs": {},
  "resources": [
    {
      "mode": "managed",
      "type": "local_file",
      "name": "obj1",
      "provider": "provider[\"registry.terraform.io/hashicorp/local\"]",
      "instances": [
        {
          "schema_version": 0,
          "attributes": {
            "content": "{\"age\":22,\"name\":\"karan\"}",
            "content_base64": null,
            "content_base64sha256": "SqwvP/83uGOW91911Of6I6t/oq9ywe6HQ5QY7uLbuT4=",
            "content_base64sha512": "cBOBjrRt4UazjPJlBAIecKOlv7AHS/D9ca0VP2T+YU+ixzNXPC1dybV5uN7j+IWvvQXsM4hZLhYEI2GqCuxoPw==",
            "content_md5": "4ab2585cd408f5fecd1598419089f20d",
            "content_sha1": "b5b37ec202ffa505051959b884c956d935f50892",
            "content_sha256": "4aac2f3fff37b86396f75f75d4e7fa23ab7fa2af72c1ee87439418eee2dbb93e",
            "content_sha512": "7013818eb46de146b38cf26504021e70a3a5bfb0074bf0fd71ad153f64fe614fa2c733573c2d5dc9b579b8dee3f885afbd05ec3388592e16042361aa0aec683f",
            "directory_permission": "0777",
            "file_permission": "0777",
            "filename": "./karan3.txt",
            "id": "b5b37ec202ffa505051959b884c956d935f50892",
            "sensitive_content": null,
            "source": null
          },
          "sensitive_attributes": []
        }
      ]
    },
    {
      "mode": "managed",
      "type": "local_file",
      "name": "test",
      "provider": "provider[\"registry.terraform.io/hashicorp/local\"]",
      "instances": [
        {
          "schema_version": 0,
          "attributes": {
            "content": "{\"first_name\":\"karan\",\"second_name\":\"sharma\"}",
            "content_base64": null,
            "content_base64sha256": "BFH6XgiYDSWL2Hp633IJGp/AAxPgy/tUiXxC3Cp+vmU=",
            "content_base64sha512": "jyMlEUHJ/TXpwzjoq2+iFuTE4AfOdF4JtSC7Ee0avdI4QeyrTM0/G0gylM2bJ8+ySIzRbFMbusJ8EZx4cYnlRw==",
            "content_md5": "eb46c6e79f95227ef70d8b732f113f65",
            "content_sha1": "8027dbac33c3b147d604df38d8a85e7ce016680f",
            "content_sha256": "0451fa5e08980d258bd87a7adf72091a9fc00313e0cbfb54897c42dc2a7ebe65",
            "content_sha512": "8f23251141c9fd35e9c338e8ab6fa216e4c4e007ce745e09b520bb11ed1abdd23841ecab4ccd3f1b483294cd9b27cfb2488cd16c531bbac27c119c787189e547",
            "directory_permission": "0777",
            "file_permission": "0777",
            "filename": "./karan2.txt",
            "id": "8027dbac33c3b147d604df38d8a85e7ce016680f",
            "sensitive_content": null,
            "source": null
          },
          "sensitive_attributes": []
        }
      ]
    }
  ],
  "check_results": null
}
