{
  "version": 4,
  "terraform_version": "1.6.6",
  "serial": 4,
  "lineage": "b2e95487-2be1-e5b6-8a29-506eaffe5fe1",
  "outputs": {},
  "resources": [
    {
      "mode": "managed",
      "type": "local_file",
      "name": "test",
      "provider": "provider[\"registry.terraform.io/hashicorp/local\"]",
      "instances": [
        {
          "schema_version": 0,
          "attributes": {
            "content": "karan",
            "content_base64": null,
            "content_base64sha256": "Ru0mDbWkyzOHHwswiq4+iZYCzX8gxoQWd+QHnYueXsM=",
            "content_base64sha512": "zk/q4uP96t2xOblOm29+PpeRcL6u8KZ1BVXqEbNOsLBArGNbTmUQ36H1Q7XQsTFf52RQ4r8lsTRZVoEm0hk6cw==",
            "content_md5": "db068ce9f744fbb35eedc9a883f91085",
            "content_sha1": "5061a9072a55ba0dcafbfe3138da6abfdc2415df",
            "content_sha256": "46ed260db5a4cb33871f0b308aae3e899602cd7f20c6841677e4079d8b9e5ec3",
            "content_sha512": "ce4feae2e3fdeaddb139b94e9b6f7e3e979170beaef0a6750555ea11b34eb0b040ac635b4e6510dfa1f543b5d0b1315fe76450e2bf25b13459568126d2193a73",
            "directory_permission": "0777",
            "file_permission": "0777",
            "filename": "./karan2.txt",
            "id": "5061a9072a55ba0dcafbfe3138da6abfdc2415df",
            "sensitive_content": null,
            "source": null
          },
          "sensitive_attributes": []
        }
      ]
    }
  ],
  "check_results": null
}
