{
  "version": 4,
  "terraform_version": "1.6.6",
  "serial": 1,
  "lineage": "7b157cf2-33a1-b8e5-3e20-a3d01c077733",
  "outputs": {},
  "resources": [
    {
      "mode": "managed",
      "type": "local_file",
      "name": "test",
      "provider": "provider[\"registry.terraform.io/hashicorp/local\"]",
      "instances": [
        {
          "schema_version": 0,
          "attributes": {
            "content": "hello class",
            "content_base64": null,
            "content_base64sha256": "hUwWuNZeCroXbddkExbVSG18pc/G2zI60AYVzPrbdKA=",
            "content_base64sha512": "PnK36aaXFyiyoUE+UrBuT2O7S1tdI65JkvGGXg8yAD45JkeGwQZPfb+z8oTxwcb84rR3ap7Cp8tUsZoKEZzZsw==",
            "content_md5": "79d59bb1dce739e19fa4a504e2b52d25",
            "content_sha1": "149c8cbe45ce82fcb66f21baac95dc318a32d0bb",
            "content_sha256": "854c16b8d65e0aba176dd7641316d5486d7ca5cfc6db323ad00615ccfadb74a0",
            "content_sha512": "3e72b7e9a6971728b2a1413e52b06e4f63bb4b5b5d23ae4992f1865e0f32003e39264786c1064f7dbfb3f284f1c1c6fce2b4776a9ec2a7cb54b19a0a119cd9b3",
            "directory_permission": "0777",
            "file_permission": "0777",
            "filename": "./karan1.txt",
            "id": "149c8cbe45ce82fcb66f21baac95dc318a32d0bb",
            "sensitive_content": null,
            "source": null
          },
          "sensitive_attributes": []
        }
      ]
    }
  ],
  "check_results": null
}
